
Microsoft Visual Studio Solution File, Format Version 12.00
# Visual Studio 15
VisualStudioVersion = 15.0.28307.421
MinimumVisualStudioVersion = 10.0.40219.1
Project("{FAE04EC0-301F-11D3-BF4B-00C04F79EFBC}") = "Server", "Server\Server.csproj", "{7EEFC879-80AC-4D75-820B-9937FC862849}"
EndProject
Global
	GlobalSection(SolutionConfigurationPlatforms) = preSolution
		Debug|Any CPU = Debug|Any CPU
		Release|Any CPU = Release|Any CPU
	EndGlobalSection
	GlobalSection(ProjectConfigurationPlatforms) = postSolution
		{7EEFC879-80AC-4D75-820B-9937FC862849}.Debug|Any CPU.ActiveCfg = Debug|Any CPU
		{7EEFC879-80AC-4D75-820B-9937FC862849}.Debug|Any CPU.Build.0 = Debug|Any CPU
		{7EEFC879-80AC-4D75-820B-9937FC862849}.Release|Any CPU.ActiveCfg = Release|Any CPU
		{7EEFC879-80AC-4D75-820B-9937FC862849}.Release|Any CPU.Build.0 = Release|Any CPU
	EndGlobalSection
	GlobalSection(SolutionProperties) = preSolution
		HideSolutionNode = FALSE
	EndGlobalSection
	GlobalSection(ExtensibilityGlobals) = postSolution
		SolutionGuid = {0D29A6EA-E75F-4418-83A6-BF101A85DF92}
	EndGlobalSection
EndGlobal
